Microsoft Visual Studio Solution File, Format Version 12.00
# Visual Studio Version 17
VisualStudioVersion = 17.0.31903.59
MinimumVisualStudioVersion = 10.0.40219.1
Project("{FAE04EC0-301F-11D3-BF4B-00C04F79EFBC}") = "Portal.Api", "src\Portal.Api\Portal.Api.csproj", "{23C76795-2B11-4B68-AEE7-2D963C5B164D}"
EndProject
Project("{FAE04EC0-301F-11D3-BF4B-00C04F79EFBC}") = "Portal.Api.Tests", "src\Portal.Api.Tests\Portal.Api.Tests.csproj", "{EA29B0CF-501D-4A46-B8C4-5721E90BB875}"
EndProject
Global
 GlobalSection(SolutionConfigurationPlatforms) = preSolution
  Debug|Any CPU = Debug|Any CPU
  Release|Any CPU = Release|Any CPU
 EndGlobalSection
 GlobalSection(ProjectConfigurationPlatforms) = postSolution
  {23C76795-2B11-4B68-AEE7-2D963C5B164D}.Debug|Any CPU.ActiveCfg = Debug|Any CPU
  {23C76795-2B11-4B68-AEE7-2D963C5B164D}.Debug|Any CPU.Build.0 = Debug|Any CPU
  {23C76795-2B11-4B68-AEE7-2D963C5B164D}.Release|Any CPU.ActiveCfg = Release|Any CPU
  {23C76795-2B11-4B68-AEE7-2D963C5B164D}.Release|Any CPU.Build.0 = Release|Any CPU
  {EA29B0CF-501D-4A46-B8C4-5721E90BB875}.Debug|Any CPU.ActiveCfg = Debug|Any CPU
  {EA29B0CF-501D-4A46-B8C4-5721E90BB875}.Debug|Any CPU.Build.0 = Debug|Any CPU
  {EA29B0CF-501D-4A46-B8C4-5721E90BB875}.Release|Any CPU.ActiveCfg = Release|Any CPU
  {EA29B0CF-501D-4A46-B8C4-5721E90BB875}.Release|Any CPU.Build.0 = Release|Any CPU
 EndGlobalSection
EndGlobal
